
Microsoft Visual Studio Solution File, Format Version 12.00
# Visual Studio Version 17
VisualStudioVersion = 17.10.35027.167
MinimumVisualStudioVersion = 10.0.40219.1
Project("{FAE04EC0-301F-11D3-BF4B-00C04F79EFBC}") = "kpurganaa", "kpurganaa\kpurganaa.csproj", "{48FA3CFA-5DFE-45BB-AC27-FD6884DD4DAD}"
EndProject
Global
	GlobalSection(SolutionConfigurationPlatforms) = preSolution
		Debug|Any CPU = Debug|Any CPU
		Release|Any CPU = Release|Any CPU
	EndGlobalSection
	GlobalSection(ProjectConfigurationPlatforms) = postSolution
		{48FA3CFA-5DFE-45BB-AC27-FD6884DD4DAD}.Debug|Any CPU.ActiveCfg = Debug|Any CPU
		{48FA3CFA-5DFE-45BB-AC27-FD6884DD4DAD}.Debug|Any CPU.Build.0 = Debug|Any CPU
		{48FA3CFA-5DFE-45BB-AC27-FD6884DD4DAD}.Release|Any CPU.ActiveCfg = Release|Any CPU
		{48FA3CFA-5DFE-45BB-AC27-FD6884DD4DAD}.Release|Any CPU.Build.0 = Release|Any CPU
	EndGlobalSection
	GlobalSection(SolutionProperties) = preSolution
		HideSolutionNode = FALSE
	EndGlobalSection
	GlobalSection(ExtensibilityGlobals) = postSolution
		SolutionGuid = {86BD2AB0-1277-4E15-B5E3-466A4ABE2B87}
	EndGlobalSection
EndGlobal
